github.com/dengsgo/math-engine v0.0.0-20230823154425-78f211b48149 h1:TkVfb0s14IUHDGvjQfq3f0PZnV1zh609did4DrnD4q4=
github.com/dengsgo/math-engine v0.0.0-20230823154425-78f211b48149/go.mod h1:zkR27k4K0I8FS6rkEd8qBhPeS8i3X2FKfvSPdF64OpQ=
github.com/go-chi/chi/v5 v5.0.12 h1:9euLV5sTrTNTRUU9POmDUvfxyj6LAABLUcEWO+JJb4s=
github.com/go-chi/chi/v5 v5.0.12/go.mod h1:DslCQbL2OYiznFReuXYUmQ2hGd1aDpCnlMNITLSKoi8=
github.com/go-chi/httplog/v2 v2.0.11 h1:eu6kYksMEJzBcOP+ba/iYudc0m5rv4VvBAzroJMkaY4=
github.com/go-chi/httplog/v2 v2.0.11/go.mod h1:/XXdxicJsp4BA5fapgIC3VuTD+z0Z/VzukoB3VDc1YE=
go.uber.org/multierr v1.11.0 h1:blXXJkSxSSfBVBlC76pxqeO+LN3aDfLQo+309xJstO0=
go.uber.org/multierr v1.11.0/go.mod h1:20+QtiLqy0Nd6FdQB9TLXag12DsQkrbs3htMFfDN80Y=
go.uber.org/zap v1.27.0 h1:aJMhYGrd5QSmlpLMr2MftRKl7t8J8PTZPA732ud/XR8=
go.uber.org/zap v1.27.0/go.mod h1:GB2qFLM7cTU87MWRP2mPIjqfIDnGu+VIO4V/SdhGo2E=
